PODS:
  - SAPinViewController (0.1.2):
    - SnapKit
  - SnapKit (3.0.1)

DEPENDENCIES:
  - SAPinViewController (from `../`)
  - SnapKit

EXTERNAL SOURCES:
  SAPinViewController:
    :path: "../"

SPEC CHECKSUMS:
  SAPinViewController: 384b7087ab3933982078a72f3fc7e621b667d5e0
  SnapKit: f818b8326d45b4e1c777d0ab27b5c0a3624bfdeb

PODFILE CHECKSUM: 381a47c9c45d03cc104e3564501f4fdab1b0fbd9

COCOAPODS: 1.1.0.rc.2
